
Microsoft Visual Studio Solution File, Format Version 12.00
# Visual Studio Version 16
VisualStudioVersion = 16.0.30011.22
MinimumVisualStudioVersion = 10.0.40219.1
Project("{FAE04EC0-301F-11D3-BF4B-00C04F79EFBC}") = "SetElite.Client", "SetElite.Client\SetElite.Client.csproj", "{C8F631F7-4912-4730-8727-38691AF6C55F}"
EndProject
Project("{FAE04EC0-301F-11D3-BF4B-00C04F79EFBC}") = "Configurator", "Configurator\Configurator.csproj", "{4AC3BE47-BCF3-4C11-B101-C39585129A4F}"
EndProject
Project("{FAE04EC0-301F-11D3-BF4B-00C04F79EFBC}") = "Settings", "Settings\Settings.csproj", "{C36AE55F-4DB5-4FDB-8B99-637E981F2B45}"
EndProject
Global
	GlobalSection(SolutionConfigurationPlatforms) = preSolution
		Debug|Any CPU = Debug|Any CPU
		Release|Any CPU = Release|Any CPU
	EndGlobalSection
	GlobalSection(ProjectConfigurationPlatforms) = postSolution
		{C8F631F7-4912-4730-8727-38691AF6C55F}.Debug|Any CPU.ActiveCfg = Debug|Any CPU
		{C8F631F7-4912-4730-8727-38691AF6C55F}.Debug|Any CPU.Build.0 = Debug|Any CPU
		{C8F631F7-4912-4730-8727-38691AF6C55F}.Release|Any CPU.ActiveCfg = Release|Any CPU
		{C8F631F7-4912-4730-8727-38691AF6C55F}.Release|Any CPU.Build.0 = Release|Any CPU
		{4AC3BE47-BCF3-4C11-B101-C39585129A4F}.Debug|Any CPU.ActiveCfg = Debug|Any CPU
		{4AC3BE47-BCF3-4C11-B101-C39585129A4F}.Debug|Any CPU.Build.0 = Debug|Any CPU
		{4AC3BE47-BCF3-4C11-B101-C39585129A4F}.Release|Any CPU.ActiveCfg = Release|Any CPU
		{4AC3BE47-BCF3-4C11-B101-C39585129A4F}.Release|Any CPU.Build.0 = Release|Any CPU
		{C36AE55F-4DB5-4FDB-8B99-637E981F2B45}.Debug|Any CPU.ActiveCfg = Debug|Any CPU
		{C36AE55F-4DB5-4FDB-8B99-637E981F2B45}.Debug|Any CPU.Build.0 = Debug|Any CPU
		{C36AE55F-4DB5-4FDB-8B99-637E981F2B45}.Release|Any CPU.ActiveCfg = Release|Any CPU
		{C36AE55F-4DB5-4FDB-8B99-637E981F2B45}.Release|Any CPU.Build.0 = Release|Any CPU
	EndGlobalSection
	GlobalSection(SolutionProperties) = preSolution
		HideSolutionNode = FALSE
	EndGlobalSection
	GlobalSection(ExtensibilityGlobals) = postSolution
		SolutionGuid = {D211DC29-3FAC-47B3-8178-5DF8923372E7}
	EndGlobalSection
EndGlobal
